
Microsoft Visual Studio Solution File, Format Version 12.00
# Visual Studio Version 17
VisualStudioVersion = 17.12.35707.178
MinimumVisualStudioVersion = 10.0.40219.1
Project("{2150E333-8FDC-42A3-9474-1A3956D46DE8}") = "Services", "Services", "{81A9D1DB-400A-4F68-AA70-E7D8B272CFE4}"
EndProject
Project("{2150E333-8FDC-42A3-9474-1A3956D46DE8}") = "Catalog", "Catalog", "{8CCD4080-34BC-4AA9-AEBC-BA813E8E13D5}"
EndProject
Project("{FAE04EC0-301F-11D3-BF4B-00C04F79EFBC}") = "Catalog.API", "Services\Catalog\Catalog.API\Catalog.API.csproj", "{227FDF02-E505-407B-85E6-53710714E865}"
EndProject
Global
	GlobalSection(SolutionConfigurationPlatforms) = preSolution
		Debug|Any CPU = Debug|Any CPU
		Release|Any CPU = Release|Any CPU
	EndGlobalSection
	GlobalSection(ProjectConfigurationPlatforms) = postSolution
		{227FDF02-E505-407B-85E6-53710714E865}.Debug|Any CPU.ActiveCfg = Debug|Any CPU
		{227FDF02-E505-407B-85E6-53710714E865}.Debug|Any CPU.Build.0 = Debug|Any CPU
		{227FDF02-E505-407B-85E6-53710714E865}.Release|Any CPU.ActiveCfg = Release|Any CPU
		{227FDF02-E505-407B-85E6-53710714E865}.Release|Any CPU.Build.0 = Release|Any CPU
	EndGlobalSection
	GlobalSection(SolutionProperties) = preSolution
		HideSolutionNode = FALSE
	EndGlobalSection
	GlobalSection(NestedProjects) = preSolution
		{8CCD4080-34BC-4AA9-AEBC-BA813E8E13D5} = {81A9D1DB-400A-4F68-AA70-E7D8B272CFE4}
		{227FDF02-E505-407B-85E6-53710714E865} = {8CCD4080-34BC-4AA9-AEBC-BA813E8E13D5}
	EndGlobalSection
EndGlobal
