
Microsoft Visual Studio Solution File, Format Version 12.00
# Visual Studio Version 17
VisualStudioVersion = 17.12.35707.178
MinimumVisualStudioVersion = 10.0.40219.1
Project("{2150E333-8FDC-42A3-9474-1A3956D46DE8}") = "Services", "Services", "{81A9D1DB-400A-4F68-AA70-E7D8B272CFE4}"
EndProject
Project("{2150E333-8FDC-42A3-9474-1A3956D46DE8}") = "Catalog", "Catalog", "{8CCD4080-34BC-4AA9-AEBC-BA813E8E13D5}"
EndProject
Project("{FAE04EC0-301F-11D3-BF4B-00C04F79EFBC}") = "Catalog.API", "Services\Catalog\Catalog.API\Catalog.API.csproj", "{227FDF02-E505-407B-85E6-53710714E865}"
EndProject
Project("{2150E333-8FDC-42A3-9474-1A3956D46DE8}") = "BuildingBlocks", "BuildingBlocks", "{008C2C37-46BA-4D7F-99B0-3E93AEB3FCE9}"
EndProject
Project("{FAE04EC0-301F-11D3-BF4B-00C04F79EFBC}") = "BuildingBlocks", "BuildingBlocks\BuildingBlocks\BuildingBlocks.csproj", "{4C0CFE0D-CC67-474C-9260-B69C7DACC50A}"
EndProject
Project("{E53339B2-1760-4266-BCC7-CA923CBCF16C}") = "docker-compose", "docker-compose.dcproj", "{B66AB031-D38D-4883-AB1F-9DF2AD878511}"
EndProject
Project("{2150E333-8FDC-42A3-9474-1A3956D46DE8}") = "Basket", "Basket", "{676E5D24-9379-46CA-B253-597DFD586D00}"
EndProject
Project("{FAE04EC0-301F-11D3-BF4B-00C04F79EFBC}") = "Basket.API", "Services\Basket\Basket.API\Basket.API.csproj", "{B02C19B6-23F1-42FC-9C57-7A681C6F66BB}"
EndProject
Global
	GlobalSection(SolutionConfigurationPlatforms) = preSolution
		Debug|Any CPU = Debug|Any CPU
		Release|Any CPU = Release|Any CPU
	EndGlobalSection
	GlobalSection(ProjectConfigurationPlatforms) = postSolution
		{227FDF02-E505-407B-85E6-53710714E865}.Debug|Any CPU.ActiveCfg = Debug|Any CPU
		{227FDF02-E505-407B-85E6-53710714E865}.Debug|Any CPU.Build.0 = Debug|Any CPU
		{227FDF02-E505-407B-85E6-53710714E865}.Release|Any CPU.ActiveCfg = Release|Any CPU
		{227FDF02-E505-407B-85E6-53710714E865}.Release|Any CPU.Build.0 = Release|Any CPU
		{4C0CFE0D-CC67-474C-9260-B69C7DACC50A}.Debug|Any CPU.ActiveCfg = Debug|Any CPU
		{4C0CFE0D-CC67-474C-9260-B69C7DACC50A}.Debug|Any CPU.Build.0 = Debug|Any CPU
		{4C0CFE0D-CC67-474C-9260-B69C7DACC50A}.Release|Any CPU.ActiveCfg = Release|Any CPU
		{4C0CFE0D-CC67-474C-9260-B69C7DACC50A}.Release|Any CPU.Build.0 = Release|Any CPU
		{B66AB031-D38D-4883-AB1F-9DF2AD878511}.Debug|Any CPU.ActiveCfg = Debug|Any CPU
		{B66AB031-D38D-4883-AB1F-9DF2AD878511}.Debug|Any CPU.Build.0 = Debug|Any CPU
		{B66AB031-D38D-4883-AB1F-9DF2AD878511}.Release|Any CPU.ActiveCfg = Release|Any CPU
		{B66AB031-D38D-4883-AB1F-9DF2AD878511}.Release|Any CPU.Build.0 = Release|Any CPU
		{B02C19B6-23F1-42FC-9C57-7A681C6F66BB}.Debug|Any CPU.ActiveCfg = Debug|Any CPU
		{B02C19B6-23F1-42FC-9C57-7A681C6F66BB}.Debug|Any CPU.Build.0 = Debug|Any CPU
		{B02C19B6-23F1-42FC-9C57-7A681C6F66BB}.Release|Any CPU.ActiveCfg = Release|Any CPU
		{B02C19B6-23F1-42FC-9C57-7A681C6F66BB}.Release|Any CPU.Build.0 = Release|Any CPU
	EndGlobalSection
	GlobalSection(SolutionProperties) = preSolution
		HideSolutionNode = FALSE
	EndGlobalSection
	GlobalSection(NestedProjects) = preSolution
		{8CCD4080-34BC-4AA9-AEBC-BA813E8E13D5} = {81A9D1DB-400A-4F68-AA70-E7D8B272CFE4}
		{227FDF02-E505-407B-85E6-53710714E865} = {8CCD4080-34BC-4AA9-AEBC-BA813E8E13D5}
		{4C0CFE0D-CC67-474C-9260-B69C7DACC50A} = {008C2C37-46BA-4D7F-99B0-3E93AEB3FCE9}
		{676E5D24-9379-46CA-B253-597DFD586D00} = {81A9D1DB-400A-4F68-AA70-E7D8B272CFE4}
		{B02C19B6-23F1-42FC-9C57-7A681C6F66BB} = {676E5D24-9379-46CA-B253-597DFD586D00}
	EndGlobalSection
EndGlobal
